
Microsoft Visual Studio Solution File, Format Version 12.00
# Visual Studio Version 17
VisualStudioVersion = 17.0.31903.59
MinimumVisualStudioVersion = 10.0.40219.1
Project("{2150E333-8FDC-42A3-9474-1A3956D46DE8}") = "000. Repository.", "000. Repository.", "{BDE01C0B-5F83-439D-893D-99C81CC22DC4}"
	ProjectSection(SolutionItems) = preProject
		..\.editorconfig = ..\.editorconfig
		..\LICENSE = ..\LICENSE
		..\README.md = ..\README.md
	EndProjectSection
EndProject
Project("{2150E333-8FDC-42A3-9474-1A3956D46DE8}") = "010. GIT.", "010. GIT.", "{62E1DED7-1425-4BB9-888A-338C30480E8D}"
	ProjectSection(SolutionItems) = preProject
		..\.gitignore = ..\.gitignore
	EndProjectSection
EndProject
Project("{2150E333-8FDC-42A3-9474-1A3956D46DE8}") = "020. GitHub.", "020. GitHub.", "{D39EBD5C-BACC-460E-AF61-3EAD24217DE0}"
	ProjectSection(SolutionItems) = preProject
		..\.github\CODEOWNERS = ..\.github\CODEOWNERS
	EndProjectSection
EndProject
Project("{2150E333-8FDC-42A3-9474-1A3956D46DE8}") = "001. Workflows.", "001. Workflows.", "{713351FF-ABDA-4F85-A3DF-F8DB34B87332}"
	ProjectSection(SolutionItems) = preProject
		..\.github\workflows\CI.yml = ..\.github\workflows\CI.yml
		..\.github\workflows\CI - Auth0.yml = ..\.github\workflows\CI - Auth0.yml
		..\.github\workflows\Release.yml = ..\.github\workflows\Release.yml
	EndProjectSection
EndProject
Project("{2150E333-8FDC-42A3-9474-1A3956D46DE8}") = "700. Source.", "700. Source.", "{27D3C0B5-F535-4D0D-91DA-B286CB08E682}"
EndProject
Project("{2150E333-8FDC-42A3-9474-1A3956D46DE8}") = "800. Quality assurance.", "800. Quality assurance.", "{D41A97D1-7A86-4B65-8AAD-95D8147907A5}"
EndProject
Project("{FAE04EC0-301F-11D3-BF4B-00C04F79EFBC}") = "Kwality.UVault", "Kwality.UVault\Kwality.UVault.csproj", "{366B07B3-B8FC-4E9B-AEBD-EDE80FA72B4E}"
EndProject
Project("{FAE04EC0-301F-11D3-BF4B-00C04F79EFBC}") = "Kwality.UVault.QA", "Kwality.UVault.QA\Kwality.UVault.QA.csproj", "{3DCB84B4-3D6A-41AC-9C99-9798863DE1C3}"
EndProject
Project("{2150E333-8FDC-42A3-9474-1A3956D46DE8}") = "030. Configuration.", "030. Configuration.", "{E1902DC8-F00C-4A9B-A0A4-2FC501FBF0D9}"
	ProjectSection(SolutionItems) = preProject
		stryker-config.json = stryker-config.json
	EndProjectSection
EndProject
Project("{2150E333-8FDC-42A3-9474-1A3956D46DE8}") = "002. Templates.", "002. Templates.", "{430C9FDF-03FD-486C-9A5C-42F920E87DA1}"
	ProjectSection(SolutionItems) = preProject
		..\.github\release.yml = ..\.github\release.yml
		..\.github\PULL_REQUEST_TEMPLATE.md = ..\.github\PULL_REQUEST_TEMPLATE.md
	EndProjectSection
EndProject
Project("{2150E333-8FDC-42A3-9474-1A3956D46DE8}") = "001. Issues.", "001. Issues.", "{4849248E-153B-4CCE-9594-04B4E6E19912}"
	ProjectSection(SolutionItems) = preProject
		..\.github\ISSUE_TEMPLATE\01_new_feature.yml = ..\.github\ISSUE_TEMPLATE\01_new_feature.yml
		..\.github\ISSUE_TEMPLATE\config.yml = ..\.github\ISSUE_TEMPLATE\config.yml
		..\.github\ISSUE_TEMPLATE\02_api_change.yml = ..\.github\ISSUE_TEMPLATE\02_api_change.yml
		..\.github\ISSUE_TEMPLATE\03_bug_report.yml = ..\.github\ISSUE_TEMPLATE\03_bug_report.yml
	EndProjectSection
EndProject
Project("{FAE04EC0-301F-11D3-BF4B-00C04F79EFBC}") = "Kwality.UVault.IAM", "Kwality.UVault.IAM\Kwality.UVault.IAM.csproj", "{6E7E908A-8BF7-4BB6-B83E-DB7288341F17}"
EndProject
Project("{2150E333-8FDC-42A3-9474-1A3956D46DE8}") = "010. Core.", "010. Core.", "{C660B234-1B72-48B7-A2B5-FF0A46175C50}"
EndProject
Project("{2150E333-8FDC-42A3-9474-1A3956D46DE8}") = "020. Identity & Access Management.", "020. Identity & Access Management.", "{0D285CCF-C0F0-4E56-834F-93BC6BBDBAC8}"
EndProject
Project("{2150E333-8FDC-42A3-9474-1A3956D46DE8}") = "030. User Management.", "030. User Management.", "{4FD6CC0E-E1DE-4508-A786-9ECACB412EDC}"
EndProject
Project("{FAE04EC0-301F-11D3-BF4B-00C04F79EFBC}") = "Kwality.UVault.User.Management", "Kwality.UVault.User.Management\Kwality.UVault.User.Management.csproj", "{37A8E4BC-2CA1-4A0C-BDB0-B37F8DD6DD77}"
EndProject
Project("{FAE04EC0-301F-11D3-BF4B-00C04F79EFBC}") = "Kwality.UVault.User.Management.Auth0", "Kwality.UVault.User.Management.Auth0\Kwality.UVault.User.Management.Auth0.csproj", "{6B80FF36-E529-4710-BEBC-FA84FBA17A97}"
EndProject
Global
	GlobalSection(SolutionConfigurationPlatforms) = preSolution
		Debug|Any CPU = Debug|Any CPU
		Release|Any CPU = Release|Any CPU
	EndGlobalSection
	GlobalSection(SolutionProperties) = preSolution
		HideSolutionNode = FALSE
	EndGlobalSection
	GlobalSection(NestedProjects) = preSolution
		{713351FF-ABDA-4F85-A3DF-F8DB34B87332} = {D39EBD5C-BACC-460E-AF61-3EAD24217DE0}
		{3DCB84B4-3D6A-41AC-9C99-9798863DE1C3} = {D41A97D1-7A86-4B65-8AAD-95D8147907A5}
		{430C9FDF-03FD-486C-9A5C-42F920E87DA1} = {D39EBD5C-BACC-460E-AF61-3EAD24217DE0}
		{4849248E-153B-4CCE-9594-04B4E6E19912} = {430C9FDF-03FD-486C-9A5C-42F920E87DA1}
		{C660B234-1B72-48B7-A2B5-FF0A46175C50} = {27D3C0B5-F535-4D0D-91DA-B286CB08E682}
		{0D285CCF-C0F0-4E56-834F-93BC6BBDBAC8} = {27D3C0B5-F535-4D0D-91DA-B286CB08E682}
		{366B07B3-B8FC-4E9B-AEBD-EDE80FA72B4E} = {C660B234-1B72-48B7-A2B5-FF0A46175C50}
		{6E7E908A-8BF7-4BB6-B83E-DB7288341F17} = {0D285CCF-C0F0-4E56-834F-93BC6BBDBAC8}
		{4FD6CC0E-E1DE-4508-A786-9ECACB412EDC} = {27D3C0B5-F535-4D0D-91DA-B286CB08E682}
		{37A8E4BC-2CA1-4A0C-BDB0-B37F8DD6DD77} = {4FD6CC0E-E1DE-4508-A786-9ECACB412EDC}
		{6B80FF36-E529-4710-BEBC-FA84FBA17A97} = {4FD6CC0E-E1DE-4508-A786-9ECACB412EDC}
	EndGlobalSection
	GlobalSection(ProjectConfigurationPlatforms) = postSolution
		{366B07B3-B8FC-4E9B-AEBD-EDE80FA72B4E}.Debug|Any CPU.ActiveCfg = Debug|Any CPU
		{366B07B3-B8FC-4E9B-AEBD-EDE80FA72B4E}.Debug|Any CPU.Build.0 = Debug|Any CPU
		{366B07B3-B8FC-4E9B-AEBD-EDE80FA72B4E}.Release|Any CPU.ActiveCfg = Release|Any CPU
		{366B07B3-B8FC-4E9B-AEBD-EDE80FA72B4E}.Release|Any CPU.Build.0 = Release|Any CPU
		{3DCB84B4-3D6A-41AC-9C99-9798863DE1C3}.Debug|Any CPU.ActiveCfg = Debug|Any CPU
		{3DCB84B4-3D6A-41AC-9C99-9798863DE1C3}.Debug|Any CPU.Build.0 = Debug|Any CPU
		{3DCB84B4-3D6A-41AC-9C99-9798863DE1C3}.Release|Any CPU.ActiveCfg = Release|Any CPU
		{3DCB84B4-3D6A-41AC-9C99-9798863DE1C3}.Release|Any CPU.Build.0 = Release|Any CPU
		{6E7E908A-8BF7-4BB6-B83E-DB7288341F17}.Debug|Any CPU.ActiveCfg = Debug|Any CPU
		{6E7E908A-8BF7-4BB6-B83E-DB7288341F17}.Debug|Any CPU.Build.0 = Debug|Any CPU
		{6E7E908A-8BF7-4BB6-B83E-DB7288341F17}.Release|Any CPU.ActiveCfg = Release|Any CPU
		{6E7E908A-8BF7-4BB6-B83E-DB7288341F17}.Release|Any CPU.Build.0 = Release|Any CPU
		{37A8E4BC-2CA1-4A0C-BDB0-B37F8DD6DD77}.Debug|Any CPU.ActiveCfg = Debug|Any CPU
		{37A8E4BC-2CA1-4A0C-BDB0-B37F8DD6DD77}.Debug|Any CPU.Build.0 = Debug|Any CPU
		{37A8E4BC-2CA1-4A0C-BDB0-B37F8DD6DD77}.Release|Any CPU.ActiveCfg = Release|Any CPU
		{37A8E4BC-2CA1-4A0C-BDB0-B37F8DD6DD77}.Release|Any CPU.Build.0 = Release|Any CPU
		{6B80FF36-E529-4710-BEBC-FA84FBA17A97}.Debug|Any CPU.ActiveCfg = Debug|Any CPU
		{6B80FF36-E529-4710-BEBC-FA84FBA17A97}.Debug|Any CPU.Build.0 = Debug|Any CPU
		{6B80FF36-E529-4710-BEBC-FA84FBA17A97}.Release|Any CPU.ActiveCfg = Release|Any CPU
		{6B80FF36-E529-4710-BEBC-FA84FBA17A97}.Release|Any CPU.Build.0 = Release|Any CPU
	EndGlobalSection
EndGlobal
